
Microsoft Visual Studio Solution File, Format Version 12.00
# Visual Studio Version 17
VisualStudioVersion = 17.0.32112.339
MinimumVisualStudioVersion = 10.0.40219.1
Project("{9A19103F-16F7-4668-BE54-9A1E7A4F7556}") = "ExamPortal", "ExamPortal\ExamPortal.csproj", "{D76D4DCC-4B47-413D-8F82-551D5A2CCE0A}"
EndProject
Project("{9A19103F-16F7-4668-BE54-9A1E7A4F7556}") = "ExamPortal.Tests", "ExamPortal.Tests\ExamPortal.Tests.csproj", "{664E7327-8ED8-4250-91EE-DC08084037D1}"
EndProject
Global
	GlobalSection(SolutionConfigurationPlatforms) = preSolution
		Debug|Any CPU = Debug|Any CPU
		Release|Any CPU = Release|Any CPU
	EndGlobalSection
	GlobalSection(ProjectConfigurationPlatforms) = postSolution
		{D76D4DCC-4B47-413D-8F82-551D5A2CCE0A}.Debug|Any CPU.ActiveCfg = Debug|Any CPU
		{D76D4DCC-4B47-413D-8F82-551D5A2CCE0A}.Debug|Any CPU.Build.0 = Debug|Any CPU
		{D76D4DCC-4B47-413D-8F82-551D5A2CCE0A}.Release|Any CPU.ActiveCfg = Release|Any CPU
		{D76D4DCC-4B47-413D-8F82-551D5A2CCE0A}.Release|Any CPU.Build.0 = Release|Any CPU
		{664E7327-8ED8-4250-91EE-DC08084037D1}.Debug|Any CPU.ActiveCfg = Debug|Any CPU
		{664E7327-8ED8-4250-91EE-DC08084037D1}.Debug|Any CPU.Build.0 = Debug|Any CPU
		{664E7327-8ED8-4250-91EE-DC08084037D1}.Release|Any CPU.ActiveCfg = Release|Any CPU
		{664E7327-8ED8-4250-91EE-DC08084037D1}.Release|Any CPU.Build.0 = Release|Any CPU
	EndGlobalSection
	GlobalSection(SolutionProperties) = preSolution
		HideSolutionNode = FALSE
	EndGlobalSection
	GlobalSection(ExtensibilityGlobals) = postSolution
		SolutionGuid = {A108A9CF-B00A-4962-860F-76F53E0537A5}
	EndGlobalSection
EndGlobal
